// !$*UTF8*$!
{
	archiveVersion = 1;
	classes = {
	};
	objectVersion = 48;
	objects = {

/* Begin PBXBuildFile section */
		627698D12000731200D410BC /* DG_saidas_intermediarias.h in Sources */ = {isa = PBXBuildFile; fileRef = 627698B42000730B00D410BC /* DG_saidas_intermediarias.h */; };
		627698D22000731200D410BC /* DG_EI_Inflow.cpp in Sources */ = {isa = PBXBuildFile; fileRef = 627698B52000730C00D410BC /* DG_EI_Inflow.cpp */; };
		627698D32000731200D410BC /* DG_EI_Outflow_b.cpp in Sources */ = {isa = PBXBuildFile; fileRef = 627698B62000730C00D410BC /* DG_EI_Outflow_b.cpp */; };
		627698D42000731200D410BC /* DG_EI_Interior_b.cpp in Sources */ = {isa = PBXBuildFile; fileRef = 627698B72000730C00D410BC /* DG_EI_Interior_b.cpp */; };
		627698D52000731200D410BC /* DG_Elem.cpp in Sources */ = {isa = PBXBuildFile; fileRef = 627698B82000730C00D410BC /* DG_Elem.cpp */; };
		627698D62000731200D410BC /* DG_Prob.h in Sources */ = {isa = PBXBuildFile; fileRef = 627698B92000730D00D410BC /* DG_Prob.h */; };
		627698D72000731200D410BC /* Transfere_rst.cpp in Sources */ = {isa = PBXBuildFile; fileRef = 627698BA2000730D00D410BC /* Transfere_rst.cpp */; };
		627698D82000731200D410BC /* DG_preamble.cpp in Sources */ = {isa = PBXBuildFile; fileRef = 627698BB2000730D00D410BC /* DG_preamble.cpp */; };
		627698D92000731200D410BC /* DG_eco.cpp in Sources */ = {isa = PBXBuildFile; fileRef = 627698BC2000730D00D410BC /* DG_eco.cpp */; };
		627698DA2000731200D410BC /* DG_MVRA.cpp in Sources */ = {isa = PBXBuildFile; fileRef = 627698BD2000730D00D410BC /* DG_MVRA.cpp */; };
		627698DB2000731200D410BC /* Fluids.cpp in Sources */ = {isa = PBXBuildFile; fileRef = 627698BE2000730E00D410BC /* Fluids.cpp */; };
		627698DC2000731200D410BC /* main.cpp in Sources */ = {isa = PBXBuildFile; fileRef = 627698BF2000730E00D410BC /* main.cpp */; };
		627698DD2000731200D410BC /* DG_Iterate.cpp in Sources */ = {isa = PBXBuildFile; fileRef = 627698C02000730E00D410BC /* DG_Iterate.cpp */; };
		627698DE2000731200D410BC /* DG_saidas_intermediarias.cpp in Sources */ = {isa = PBXBuildFile; fileRef = 627698C12000730E00D410BC /* DG_saidas_intermediarias.cpp */; };
		627698DF2000731200D410BC /* DG_EI_flux.cpp in Sources */ = {isa = PBXBuildFile; fileRef = 627698C22000730E00D410BC /* DG_EI_flux.cpp */; };
		627698E02000731200D410BC /* DG_EI_Outflow.cpp in Sources */ = {isa = PBXBuildFile; fileRef = 627698C32000730F00D410BC /* DG_EI_Outflow.cpp */; };
		627698E12000731200D410BC /* DG_Prob.cpp in Sources */ = {isa = PBXBuildFile; fileRef = 627698C42000730F00D410BC /* DG_Prob.cpp */; };
		627698E22000731200D410BC /* DG_IG_EI.cpp in Sources */ = {isa = PBXBuildFile; fileRef = 627698C52000730F00D410BC /* DG_IG_EI.cpp */; };
		627698E32000731200D410BC /* DG_driver.cpp in Sources */ = {isa = PBXBuildFile; fileRef = 627698C62000730F00D410BC /* DG_driver.cpp */; };
		627698E42000731200D410BC /* Fluids.h in Sources */ = {isa = PBXBuildFile; fileRef = 627698C72000730F00D410BC /* Fluids.h */; };
		627698E52000731200D410BC /* DG_EI_Interior.cpp in Sources */ = {isa = PBXBuildFile; fileRef = 627698C82000731000D410BC /* DG_EI_Interior.cpp */; };
		627698E62000731200D410BC /* DG_EI_Inflow_a.cpp in Sources */ = {isa = PBXBuildFile; fileRef = 627698C92000731000D410BC /* DG_EI_Inflow_a.cpp */; };
		627698E72000731200D410BC /* DG_EI_Header.h in Sources */ = {isa = PBXBuildFile; fileRef = 627698CA2000731000D410BC /* DG_EI_Header.h */; };
		627698E82000731200D410BC /* DG_EI_Inflow_b.cpp in Sources */ = {isa = PBXBuildFile; fileRef = 627698CB2000731000D410BC /* DG_EI_Inflow_b.cpp */; };
		627698E92000731200D410BC /* DG_Eigenvectors.cpp in Sources */ = {isa = PBXBuildFile; fileRef = 627698CC2000731100D410BC /* DG_Eigenvectors.cpp */; };
		627698EA2000731200D410BC /* DG_EI_Outflow_a.cpp in Sources */ = {isa = PBXBuildFile; fileRef = 627698CD2000731100D410BC /* DG_EI_Outflow_a.cpp */; };
		627698EB2000731200D410BC /* DG_Elem.h in Sources */ = {isa = PBXBuildFile; fileRef = 627698CE2000731100D410BC /* DG_Elem.h */; };
		627698EC2000731200D410BC /* DG.cpp in Sources */ = {isa = PBXBuildFile; fileRef = 627698CF2000731200D410BC /* DG.cpp */; };
		627698ED2000731200D410BC /* DG_EI_Interior_a.cpp in Sources */ = {isa = PBXBuildFile; fileRef = 627698D02000731200D410BC /* DG_EI_Interior_a.cpp */; };
		627698FA2000733A00D410BC /* Particao.cpp in Sources */ = {isa = PBXBuildFile; fileRef = 627698EE2000733500D410BC /* Particao.cpp */; };
		627698FB2000733A00D410BC /* Linear.cpp in Sources */ = {isa = PBXBuildFile; fileRef = 627698EF2000733600D410BC /* Linear.cpp */; };
		627698FC2000733A00D410BC /* Tetrahedral.cpp in Sources */ = {isa = PBXBuildFile; fileRef = 627698F02000733600D410BC /* Tetrahedral.cpp */; };
		627698FD2000733A00D410BC /* Quadrilateral.cpp in Sources */ = {isa = PBXBuildFile; fileRef = 627698F12000733700D410BC /* Quadrilateral.cpp */; };
		627698FE2000733A00D410BC /* ASPFunctions.cpp in Sources */ = {isa = PBXBuildFile; fileRef = 627698F22000733700D410BC /* ASPFunctions.cpp */; };
		627698FF2000733A00D410BC /* Triangle.cpp in Sources */ = {isa = PBXBuildFile; fileRef = 627698F32000733700D410BC /* Triangle.cpp */; };
		627699002000733A00D410BC /* Stdel.cpp in Sources */ = {isa = PBXBuildFile; fileRef = 627698F42000733800D410BC /* Stdel.cpp */; };
		627699012000733A00D410BC /* Funcoes_globais.cpp in Sources */ = {isa = PBXBuildFile; fileRef = 627698F52000733800D410BC /* Funcoes_globais.cpp */; };
		627699022000733A00D410BC /* Hexahedral.cpp in Sources */ = {isa = PBXBuildFile; fileRef = 627698F62000733800D410BC /* Hexahedral.cpp */; };
		627699032000733A00D410BC /* CMakeLists.txt in Sources */ = {isa = PBXBuildFile; fileRef = 627698F72000733900D410BC /* CMakeLists.txt */; };
		627699042000733A00D410BC /* AMPFunctionsA.cpp in Sources */ = {isa = PBXBuildFile; fileRef = 627698F82000733900D410BC /* AMPFunctionsA.cpp */; };
		627699052000733A00D410BC /* Differentiation.cpp in Sources */ = {isa = PBXBuildFile; fileRef = 627698F92000733900D410BC /* Differentiation.cpp */; };
		627699262000739F00D410BC /* libamd.2.4.0.dylib in Frameworks */ = {isa = PBXBuildFile; fileRef = 6276990B2000738F00D410BC /* libamd.2.4.0.dylib */; };
		627699272000739F00D410BC /* libteuchosremainder.12.12.1.dylib in Frameworks */ = {isa = PBXBuildFile; fileRef = 6276990C2000739000D410BC /* libteuchosremainder.12.12.1.dylib */; };
		627699282000739F00D410BC /* libteuchoscomm.12.12.1.dylib in Frameworks */ = {isa = PBXBuildFile; fileRef = 6276990D2000739000D410BC /* libteuchoscomm.12.12.1.dylib */; };
		627699292000739F00D410BC /* libnewmat.dylib in Frameworks */ = {isa = PBXBuildFile; fileRef = 6276990E2000739100D410BC /* libnewmat.dylib */; };
		6276992A2000739F00D410BC /* libxpetra-sup.12.12.1.dylib in Frameworks */ = {isa = PBXBuildFile; fileRef = 6276990F2000739100D410BC /* libxpetra-sup.12.12.1.dylib */; };
		6276992B2000739F00D410BC /* libanasazitpetra.12.12.1.dylib in Frameworks */ = {isa = PBXBuildFile; fileRef = 627699102000739200D410BC /* libanasazitpetra.12.12.1.dylib */; };
		6276992C2000739F00D410BC /* libmpi.40.dylib in Frameworks */ = {isa = PBXBuildFile; fileRef = 627699112000739200D410BC /* libmpi.40.dylib */; };
		6276992D2000739F00D410BC /* libmpi_cxx.40.dylib in Frameworks */ = {isa = PBXBuildFile; fileRef = 627699122000739300D410BC /* libmpi_cxx.40.dylib */; };
		6276992E2000739F00D410BC /* libteuchosnumerics.12.12.1.dylib in Frameworks */ = {isa = PBXBuildFile; fileRef = 627699132000739300D410BC /* libteuchosnumerics.12.12.1.dylib */; };
		6276992F2000739F00D410BC /* libteuchoscore.12.12.1.dylib in Frameworks */ = {isa = PBXBuildFile; fileRef = 627699142000739400D410BC /* libteuchoscore.12.12.1.dylib */; };
		627699302000739F00D410BC /* libblas.dylib in Frameworks */ = {isa = PBXBuildFile; fileRef = 627699152000739400D410BC /* libblas.dylib */; };
		627699312000739F00D410BC /* libSystem.B.dylib in Frameworks */ = {isa = PBXBuildFile; fileRef = 627699162000739500D410BC /* libSystem.B.dylib */; };
		627699322000739F00D410BC /* libModeLaplace.12.12.1.dylib in Frameworks */ = {isa = PBXBuildFile; fileRef = 627699172000739500D410BC /* libModeLaplace.12.12.1.dylib */; };
		627699332000739F00D410BC /* libanasaziepetra.12.12.1.dylib in Frameworks */ = {isa = PBXBuildFile; fileRef = 627699182000739600D410BC /* libanasaziepetra.12.12.1.dylib */; };
		627699342000739F00D410BC /* liblapack.dylib in Frameworks */ = {isa = PBXBuildFile; fileRef = 627699192000739600D410BC /* liblapack.dylib */; };
		627699352000739F00D410BC /* libepetraext.12.12.1.dylib in Frameworks */ = {isa = PBXBuildFile; fileRef = 6276991A2000739700D410BC /* libepetraext.12.12.1.dylib */; };
		627699362000739F00D410BC /* libanasazi.12.12.1.dylib in Frameworks */ = {isa = PBXBuildFile; fileRef = 6276991B2000739800D410BC /* libanasazi.12.12.1.dylib */; };
		627699372000739F00D410BC /* libaztecoo.12.12.1.dylib in Frameworks */ = {isa = PBXBuildFile; fileRef = 6276991C2000739800D410BC /* libaztecoo.12.12.1.dylib */; };
		627699382000739F00D410BC /* libc++.1.dylib in Frameworks */ = {isa = PBXBuildFile; fileRef = 6276991D2000739900D410BC /* libc++.1.dylib */; };
		627699392000739F00D410BC /* libtpetrainout.12.12.1.dylib in Frameworks */ = {isa = PBXBuildFile; fileRef = 6276991E2000739900D410BC /* libtpetrainout.12.12.1.dylib */; };
		6276993A2000739F00D410BC /* libtpetra.12.12.1.dylib in Frameworks */ = {isa = PBXBuildFile; fileRef = 6276991F2000739A00D410BC /* libtpetra.12.12.1.dylib */; };
		6276993B2000739F00D410BC /* libamesos.12.12.1.dylib in Frameworks */ = {isa = PBXBuildFile; fileRef = 627699202000739B00D410BC /* libamesos.12.12.1.dylib */; };
		6276993C2000739F00D410BC /* libepetra.12.12.1.dylib in Frameworks */ = {isa = PBXBuildFile; fileRef = 627699212000739B00D410BC /* libepetra.12.12.1.dylib */; };
		6276993D2000739F00D410BC /* libtpetraext.12.12.1.dylib in Frameworks */ = {isa = PBXBuildFile; fileRef = 627699222000739C00D410BC /* libtpetraext.12.12.1.dylib */; };
		6276993E2000739F00D410BC /* libumfpack.5.7.0.dylib in Frameworks */ = {isa = PBXBuildFile; fileRef = 627699232000739D00D410BC /* libumfpack.5.7.0.dylib */; };
		6276993F2000739F00D410BC /* libteuchosparameterlist.12.12.1.dylib in Frameworks */ = {isa = PBXBuildFile; fileRef = 627699242000739E00D410BC /* libteuchosparameterlist.12.12.1.dylib */; };
		627699402000739F00D410BC /* libxpetra.12.12.1.dylib in Frameworks */ = {isa = PBXBuildFile; fileRef = 627699252000739E00D410BC /* libxpetra.12.12.1.dylib */; };
		627699512000753A00D410BC /* PhElem.hpp in Sources */ = {isa = PBXBuildFile; fileRef = 627699412000751D00D410BC /* PhElem.hpp */; };
		627699522000753A00D410BC /* Quadrilateral.h in Sources */ = {isa = PBXBuildFile; fileRef = 627699422000751F00D410BC /* Quadrilateral.h */; };
		627699532000753A00D410BC /* Triangle.h in Sources */ = {isa = PBXBuildFile; fileRef = 627699432000752000D410BC /* Triangle.h */; };
		627699542000753A00D410BC /* Linear.h in Sources */ = {isa = PBXBuildFile; fileRef = 627699442000752200D410BC /* Linear.h */; };
		627699552000753A00D410BC /* Stdel.h in Sources */ = {isa = PBXBuildFile; fileRef = 627699452000752300D410BC /* Stdel.h */; };
		627699562000753A00D410BC /* MyOptions.h in Sources */ = {isa = PBXBuildFile; fileRef = 627699462000752500D410BC /* MyOptions.h */; };
		627699572000753A00D410BC /* GeProb.hpp in Sources */ = {isa = PBXBuildFile; fileRef = 627699472000752600D410BC /* GeProb.hpp */; };
		627699582000753A00D410BC /* Hexahedral.h in Sources */ = {isa = PBXBuildFile; fileRef = 627699482000752800D410BC /* Hexahedral.h */; };
		627699592000753A00D410BC /* spectral.h in Sources */ = {isa = PBXBuildFile; fileRef = 627699492000752900D410BC /* spectral.h */; };
		6276995A2000753A00D410BC /* Geo.h in Sources */ = {isa = PBXBuildFile; fileRef = 6276994A2000752C00D410BC /* Geo.h */; };
		6276995B2000753A00D410BC /* Funcoes_c.h in Sources */ = {isa = PBXBuildFile; fileRef = 6276994B2000752D00D410BC /* Funcoes_c.h */; };
		6276995C2000753A00D410BC /* MyTrilinos.h in Sources */ = {isa = PBXBuildFile; fileRef = 6276994C2000752F00D410BC /* MyTrilinos.h */; };
		6276995D2000753A00D410BC /* virtual.H in Sources */ = {isa = PBXBuildFile; fileRef = 6276994D2000753100D410BC /* virtual.H */; };
		6276995E2000753A00D410BC /* Tstruct.h in Sources */ = {isa = PBXBuildFile; fileRef = 6276994E2000753200D410BC /* Tstruct.h */; };
		6276995F2000753A00D410BC /* Particao.h in Sources */ = {isa = PBXBuildFile; fileRef = 6276994F2000753500D410BC /* Particao.h */; };
		627699602000753A00D410BC /* Tetrahedral.h in Sources */ = {isa = PBXBuildFile; fileRef = 627699502000753600D410BC /* Tetrahedral.h */; };
/* End PBXBuildFile section */

/* Begin PBXCopyFilesBuildPhase section */
		627698A8200072AF00D410BC /* CopyFiles */ = {
			isa = PBXCopyFilesBuildPhase;
			buildActionMask = 2147483647;
			dstPath = /usr/share/man/man1/;
			dstSubfolderSpec = 0;
			files = (
			);
			runOnlyForDeploymentPostprocessing = 1;
		};
/* End PBXCopyFilesBuildPhase section */

/* Begin PBXFileReference section */
		627698AA200072AF00D410BC /* SDG_Proj */ = {isa = PBXFileReference; explicitFileType = "compiled.mach-o.executable"; includeInIndex = 0; path = SDG_Proj; sourceTree = BUILT_PRODUCTS_DIR; };
		627698B42000730B00D410BC /* DG_saidas_intermediarias.h */ = {isa = PBXFileReference; lastKnownFileType = sourcecode.c.h; name = DG_saidas_intermediarias.h; path = ../Spectral/src/DG/DG_saidas_intermediarias.h; sourceTree = "<group>"; };
		627698B52000730C00D410BC /* DG_EI_Inflow.cpp */ = {isa = PBXFileReference; lastKnownFileType = sourcecode.cpp.cpp; name = DG_EI_Inflow.cpp; path = ../Spectral/src/DG/DG_EI_Inflow.cpp; sourceTree = "<group>"; };
		627698B62000730C00D410BC /* DG_EI_Outflow_b.cpp */ = {isa = PBXFileReference; lastKnownFileType = sourcecode.cpp.cpp; name = DG_EI_Outflow_b.cpp; path = ../Spectral/src/DG/DG_EI_Outflow_b.cpp; sourceTree = "<group>"; };
		627698B72000730C00D410BC /* DG_EI_Interior_b.cpp */ = {isa = PBXFileReference; lastKnownFileType = sourcecode.cpp.cpp; name = DG_EI_Interior_b.cpp; path = ../Spectral/src/DG/DG_EI_Interior_b.cpp; sourceTree = "<group>"; };
		627698B82000730C00D410BC /* DG_Elem.cpp */ = {isa = PBXFileReference; lastKnownFileType = sourcecode.cpp.cpp; name = DG_Elem.cpp; path = ../Spectral/src/DG/DG_Elem.cpp; sourceTree = "<group>"; };
		627698B92000730D00D410BC /* DG_Prob.h */ = {isa = PBXFileReference; lastKnownFileType = sourcecode.c.h; name = DG_Prob.h; path = ../Spectral/src/DG/DG_Prob.h; sourceTree = "<group>"; };
		627698BA2000730D00D410BC /* Transfere_rst.cpp */ = {isa = PBXFileReference; lastKnownFileType = sourcecode.cpp.cpp; name = Transfere_rst.cpp; path = ../Spectral/src/DG/Transfere_rst.cpp; sourceTree = "<group>"; };
		627698BB2000730D00D410BC /* DG_preamble.cpp */ = {isa = PBXFileReference; lastKnownFileType = sourcecode.cpp.cpp; name = DG_preamble.cpp; path = ../Spectral/src/DG/DG_preamble.cpp; sourceTree = "<group>"; };
		627698BC2000730D00D410BC /* DG_eco.cpp */ = {isa = PBXFileReference; lastKnownFileType = sourcecode.cpp.cpp; name = DG_eco.cpp; path = ../Spectral/src/DG/DG_eco.cpp; sourceTree = "<group>"; };
		627698BD2000730D00D410BC /* DG_MVRA.cpp */ = {isa = PBXFileReference; lastKnownFileType = sourcecode.cpp.cpp; name = DG_MVRA.cpp; path = ../Spectral/src/DG/DG_MVRA.cpp; sourceTree = "<group>"; };
		627698BE2000730E00D410BC /* Fluids.cpp */ = {isa = PBXFileReference; lastKnownFileType = sourcecode.cpp.cpp; name = Fluids.cpp; path = ../Spectral/src/DG/Fluids.cpp; sourceTree = "<group>"; };
		627698BF2000730E00D410BC /* main.cpp */ = {isa = PBXFileReference; lastKnownFileType = sourcecode.cpp.cpp; name = main.cpp; path = ../Spectral/src/DG/main.cpp; sourceTree = "<group>"; };
		627698C02000730E00D410BC /* DG_Iterate.cpp */ = {isa = PBXFileReference; lastKnownFileType = sourcecode.cpp.cpp; name = DG_Iterate.cpp; path = ../Spectral/src/DG/DG_Iterate.cpp; sourceTree = "<group>"; };
		627698C12000730E00D410BC /* DG_saidas_intermediarias.cpp */ = {isa = PBXFileReference; lastKnownFileType = sourcecode.cpp.cpp; name = DG_saidas_intermediarias.cpp; path = ../Spectral/src/DG/DG_saidas_intermediarias.cpp; sourceTree = "<group>"; };
		627698C22000730E00D410BC /* DG_EI_flux.cpp */ = {isa = PBXFileReference; lastKnownFileType = sourcecode.cpp.cpp; name = DG_EI_flux.cpp; path = ../Spectral/src/DG/DG_EI_flux.cpp; sourceTree = "<group>"; };
		627698C32000730F00D410BC /* DG_EI_Outflow.cpp */ = {isa = PBXFileReference; lastKnownFileType = sourcecode.cpp.cpp; name = DG_EI_Outflow.cpp; path = ../Spectral/src/DG/DG_EI_Outflow.cpp; sourceTree = "<group>"; };
		627698C42000730F00D410BC /* DG_Prob.cpp */ = {isa = PBXFileReference; lastKnownFileType = sourcecode.cpp.cpp; name = DG_Prob.cpp; path = ../Spectral/src/DG/DG_Prob.cpp; sourceTree = "<group>"; };
		627698C52000730F00D410BC /* DG_IG_EI.cpp */ = {isa = PBXFileReference; lastKnownFileType = sourcecode.cpp.cpp; name = DG_IG_EI.cpp; path = ../Spectral/src/DG/DG_IG_EI.cpp; sourceTree = "<group>"; };
		627698C62000730F00D410BC /* DG_driver.cpp */ = {isa = PBXFileReference; lastKnownFileType = sourcecode.cpp.cpp; name = DG_driver.cpp; path = ../Spectral/src/DG/DG_driver.cpp; sourceTree = "<group>"; };
		627698C72000730F00D410BC /* Fluids.h */ = {isa = PBXFileReference; lastKnownFileType = sourcecode.c.h; name = Fluids.h; path = ../Spectral/src/DG/Fluids.h; sourceTree = "<group>"; };
		627698C82000731000D410BC /* DG_EI_Interior.cpp */ = {isa = PBXFileReference; lastKnownFileType = sourcecode.cpp.cpp; name = DG_EI_Interior.cpp; path = ../Spectral/src/DG/DG_EI_Interior.cpp; sourceTree = "<group>"; };
		627698C92000731000D410BC /* DG_EI_Inflow_a.cpp */ = {isa = PBXFileReference; lastKnownFileType = sourcecode.cpp.cpp; name = DG_EI_Inflow_a.cpp; path = ../Spectral/src/DG/DG_EI_Inflow_a.cpp; sourceTree = "<group>"; };
		627698CA2000731000D410BC /* DG_EI_Header.h */ = {isa = PBXFileReference; lastKnownFileType = sourcecode.c.h; name = DG_EI_Header.h; path = ../Spectral/src/DG/DG_EI_Header.h; sourceTree = "<group>"; };
		627698CB2000731000D410BC /* DG_EI_Inflow_b.cpp */ = {isa = PBXFileReference; lastKnownFileType = sourcecode.cpp.cpp; name = DG_EI_Inflow_b.cpp; path = ../Spectral/src/DG/DG_EI_Inflow_b.cpp; sourceTree = "<group>"; };
		627698CC2000731100D410BC /* DG_Eigenvectors.cpp */ = {isa = PBXFileReference; lastKnownFileType = sourcecode.cpp.cpp; name = DG_Eigenvectors.cpp; path = ../Spectral/src/DG/DG_Eigenvectors.cpp; sourceTree = "<group>"; };
		627698CD2000731100D410BC /* DG_EI_Outflow_a.cpp */ = {isa = PBXFileReference; lastKnownFileType = sourcecode.cpp.cpp; name = DG_EI_Outflow_a.cpp; path = ../Spectral/src/DG/DG_EI_Outflow_a.cpp; sourceTree = "<group>"; };
		627698CE2000731100D410BC /* DG_Elem.h */ = {isa = PBXFileReference; lastKnownFileType = sourcecode.c.h; name = DG_Elem.h; path = ../Spectral/src/DG/DG_Elem.h; sourceTree = "<group>"; };
		627698CF2000731200D410BC /* DG.cpp */ = {isa = PBXFileReference; lastKnownFileType = sourcecode.cpp.cpp; name = DG.cpp; path = ../Spectral/src/DG/DG.cpp; sourceTree = "<group>"; };
		627698D02000731200D410BC /* DG_EI_Interior_a.cpp */ = {isa = PBXFileReference; lastKnownFileType = sourcecode.cpp.cpp; name = DG_EI_Interior_a.cpp; path = ../Spectral/src/DG/DG_EI_Interior_a.cpp; sourceTree = "<group>"; };
		627698EE2000733500D410BC /* Particao.cpp */ = {isa = PBXFileReference; lastKnownFileType = sourcecode.cpp.cpp; name = Particao.cpp; path = ../Spectral/src/Stdel/Particao.cpp; sourceTree = "<group>"; };
		627698EF2000733600D410BC /* Linear.cpp */ = {isa = PBXFileReference; lastKnownFileType = sourcecode.cpp.cpp; name = Linear.cpp; path = ../Spectral/src/Stdel/Linear.cpp; sourceTree = "<group>"; };
		627698F02000733600D410BC /* Tetrahedral.cpp */ = {isa = PBXFileReference; lastKnownFileType = sourcecode.cpp.cpp; name = Tetrahedral.cpp; path = ../Spectral/src/Stdel/Tetrahedral.cpp; sourceTree = "<group>"; };
		627698F12000733700D410BC /* Quadrilateral.cpp */ = {isa = PBXFileReference; lastKnownFileType = sourcecode.cpp.cpp; name = Quadrilateral.cpp; path = ../Spectral/src/Stdel/Quadrilateral.cpp; sourceTree = "<group>"; };
		627698F22000733700D410BC /* ASPFunctions.cpp */ = {isa = PBXFileReference; lastKnownFileType = sourcecode.cpp.cpp; name = ASPFunctions.cpp; path = ../Spectral/src/Stdel/ASPFunctions.cpp; sourceTree = "<group>"; };
		627698F32000733700D410BC /* Triangle.cpp */ = {isa = PBXFileReference; lastKnownFileType = sourcecode.cpp.cpp; name = Triangle.cpp; path = ../Spectral/src/Stdel/Triangle.cpp; sourceTree = "<group>"; };
		627698F42000733800D410BC /* Stdel.cpp */ = {isa = PBXFileReference; lastKnownFileType = sourcecode.cpp.cpp; name = Stdel.cpp; path = ../Spectral/src/Stdel/Stdel.cpp; sourceTree = "<group>"; };
		627698F52000733800D410BC /* Funcoes_globais.cpp */ = {isa = PBXFileReference; lastKnownFileType = sourcecode.cpp.cpp; name = Funcoes_globais.cpp; path = ../Spectral/src/Stdel/Funcoes_globais.cpp; sourceTree = "<group>"; };
		627698F62000733800D410BC /* Hexahedral.cpp */ = {isa = PBXFileReference; lastKnownFileType = sourcecode.cpp.cpp; name = Hexahedral.cpp; path = ../Spectral/src/Stdel/Hexahedral.cpp; sourceTree = "<group>"; };
		627698F72000733900D410BC /* CMakeLists.txt */ = {isa = PBXFileReference; lastKnownFileType = text; name = CMakeLists.txt; path = ../Spectral/src/Stdel/CMakeLists.txt; sourceTree = "<group>"; };
		627698F82000733900D410BC /* AMPFunctionsA.cpp */ = {isa = PBXFileReference; lastKnownFileType = sourcecode.cpp.cpp; name = AMPFunctionsA.cpp; path = ../Spectral/src/Stdel/AMPFunctionsA.cpp; sourceTree = "<group>"; };
		627698F92000733900D410BC /* Differentiation.cpp */ = {isa = PBXFileReference; lastKnownFileType = sourcecode.cpp.cpp; name = Differentiation.cpp; path = ../Spectral/src/Stdel/Differentiation.cpp; sourceTree = "<group>"; };
		6276990B2000738F00D410BC /* libamd.2.4.0.dylib */ = {isa = PBXFileReference; lastKnownFileType = "compiled.mach-o.dylib"; name = libamd.2.4.0.dylib; path = ../../../../opt/local/lib/libamd.2.4.0.dylib; sourceTree = "<group>"; };
		6276990C2000739000D410BC /* libteuchosremainder.12.12.1.dylib */ = {isa = PBXFileReference; lastKnownFileType = "compiled.mach-o.dylib"; name = libteuchosremainder.12.12.1.dylib; path = ../../../../opt/local/Trilinos/lib/libteuchosremainder.12.12.1.dylib; sourceTree = "<group>"; };
		6276990D2000739000D410BC /* libteuchoscomm.12.12.1.dylib */ = {isa = PBXFileReference; lastKnownFileType = "compiled.mach-o.dylib"; name = libteuchoscomm.12.12.1.dylib; path = ../../../../opt/local/Trilinos/lib/libteuchoscomm.12.12.1.dylib; sourceTree = "<group>"; };
		6276990E2000739100D410BC /* libnewmat.dylib */ = {isa = PBXFileReference; lastKnownFileType = "compiled.mach-o.dylib"; name = libnewmat.dylib; path = ../../../../opt/local/lib/libnewmat.dylib; sourceTree = "<group>"; };
		6276990F2000739100D410BC /* libxpetra-sup.12.12.1.dylib */ = {isa = PBXFileReference; lastKnownFileType = "compiled.mach-o.dylib"; name = "libxpetra-sup.12.12.1.dylib"; path = "../../../../opt/local/Trilinos/lib/libxpetra-sup.12.12.1.dylib"; sourceTree = "<group>"; };
		627699102000739200D410BC /* libanasazitpetra.12.12.1.dylib */ = {isa = PBXFileReference; lastKnownFileType = "compiled.mach-o.dylib"; name = libanasazitpetra.12.12.1.dylib; path = ../../../../opt/local/Trilinos/lib/libanasazitpetra.12.12.1.dylib; sourceTree = "<group>"; };
		627699112000739200D410BC /* libmpi.40.dylib */ = {isa = PBXFileReference; lastKnownFileType = "compiled.mach-o.dylib"; name = libmpi.40.dylib; path = "../../../../opt/local/lib/openmpi-mp/libmpi.40.dylib"; sourceTree = "<group>"; };
		627699122000739300D410BC /* libmpi_cxx.40.dylib */ = {isa = PBXFileReference; lastKnownFileType = "compiled.mach-o.dylib"; name = libmpi_cxx.40.dylib; path = "../../../../opt/local/lib/openmpi-mp/libmpi_cxx.40.dylib"; sourceTree = "<group>"; };
		627699132000739300D410BC /* libteuchosnumerics.12.12.1.dylib */ = {isa = PBXFileReference; lastKnownFileType = "compiled.mach-o.dylib"; name = libteuchosnumerics.12.12.1.dylib; path = ../../../../opt/local/Trilinos/lib/libteuchosnumerics.12.12.1.dylib; sourceTree = "<group>"; };
		627699142000739400D410BC /* libteuchoscore.12.12.1.dylib */ = {isa = PBXFileReference; lastKnownFileType = "compiled.mach-o.dylib"; name = libteuchoscore.12.12.1.dylib; path = ../../../../opt/local/Trilinos/lib/libteuchoscore.12.12.1.dylib; sourceTree = "<group>"; };
		627699152000739400D410BC /* libblas.dylib */ = {isa = PBXFileReference; lastKnownFileType = "compiled.mach-o.dylib"; name = libblas.dylib; path = ../../MeusProgramas/Spectral_2017/Libraries/libblas.dylib; sourceTree = "<group>"; };
		627699162000739500D410BC /* libSystem.B.dylib */ = {isa = PBXFileReference; lastKnownFileType = "compiled.mach-o.dylib"; name = libSystem.B.dylib; path = ../../../../usr/lib/libSystem.B.dylib; sourceTree = "<group>"; };
		627699172000739500D410BC /* libModeLaplace.12.12.1.dylib */ = {isa = PBXFileReference; lastKnownFileType = "compiled.mach-o.dylib"; name = libModeLaplace.12.12.1.dylib; path = ../../../../opt/local/Trilinos/lib/libModeLaplace.12.12.1.dylib; sourceTree = "<group>"; };
		627699182000739600D410BC /* libanasaziepetra.12.12.1.dylib */ = {isa = PBXFileReference; lastKnownFileType = "compiled.mach-o.dylib"; name = libanasaziepetra.12.12.1.dylib; path = ../../../../opt/local/Trilinos/lib/libanasaziepetra.12.12.1.dylib; sourceTree = "<group>"; };
		627699192000739600D410BC /* liblapack.dylib */ = {isa = PBXFileReference; lastKnownFileType = "compiled.mach-o.dylib"; name = liblapack.dylib; path = ../../MeusProgramas/Spectral_2017/Libraries/liblapack.dylib; sourceTree = "<group>"; };
		6276991A2000739700D410BC /* libepetraext.12.12.1.dylib */ = {isa = PBXFileReference; lastKnownFileType = "compiled.mach-o.dylib"; name = libepetraext.12.12.1.dylib; path = ../../../../opt/local/Trilinos/lib/libepetraext.12.12.1.dylib; sourceTree = "<group>"; };
		6276991B2000739800D410BC /* libanasazi.12.12.1.dylib */ = {isa = PBXFileReference; lastKnownFileType = "compiled.mach-o.dylib"; name = libanasazi.12.12.1.dylib; path = ../../../../opt/local/Trilinos/lib/libanasazi.12.12.1.dylib; sourceTree = "<group>"; };
		6276991C2000739800D410BC /* libaztecoo.12.12.1.dylib */ = {isa = PBXFileReference; lastKnownFileType = "compiled.mach-o.dylib"; name = libaztecoo.12.12.1.dylib; path = ../../../../opt/local/Trilinos/lib/libaztecoo.12.12.1.dylib; sourceTree = "<group>"; };
		6276991D2000739900D410BC /* libc++.1.dylib */ = {isa = PBXFileReference; lastKnownFileType = "compiled.mach-o.dylib"; name = "libc++.1.dylib"; path = "../../../../usr/lib/libc++.1.dylib"; sourceTree = "<group>"; };
		6276991E2000739900D410BC /* libtpetrainout.12.12.1.dylib */ = {isa = PBXFileReference; lastKnownFileType = "compiled.mach-o.dylib"; name = libtpetrainout.12.12.1.dylib; path = ../../../../opt/local/Trilinos/lib/libtpetrainout.12.12.1.dylib; sourceTree = "<group>"; };
		6276991F2000739A00D410BC /* libtpetra.12.12.1.dylib */ = {isa = PBXFileReference; lastKnownFileType = "compiled.mach-o.dylib"; name = libtpetra.12.12.1.dylib; path = ../../../../opt/local/Trilinos/lib/libtpetra.12.12.1.dylib; sourceTree = "<group>"; };
		627699202000739B00D410BC /* libamesos.12.12.1.dylib */ = {isa = PBXFileReference; lastKnownFileType = "compiled.mach-o.dylib"; name = libamesos.12.12.1.dylib; path = ../../../../opt/local/Trilinos/lib/libamesos.12.12.1.dylib; sourceTree = "<group>"; };
		627699212000739B00D410BC /* libepetra.12.12.1.dylib */ = {isa = PBXFileReference; lastKnownFileType = "compiled.mach-o.dylib"; name = libepetra.12.12.1.dylib; path = ../../../../opt/local/Trilinos/lib/libepetra.12.12.1.dylib; sourceTree = "<group>"; };
		627699222000739C00D410BC /* libtpetraext.12.12.1.dylib */ = {isa = PBXFileReference; lastKnownFileType = "compiled.mach-o.dylib"; name = libtpetraext.12.12.1.dylib; path = ../../../../opt/local/Trilinos/lib/libtpetraext.12.12.1.dylib; sourceTree = "<group>"; };
		627699232000739D00D410BC /* libumfpack.5.7.0.dylib */ = {isa = PBXFileReference; lastKnownFileType = "compiled.mach-o.dylib"; name = libumfpack.5.7.0.dylib; path = ../../../../opt/local/lib/libumfpack.5.7.0.dylib; sourceTree = "<group>"; };
		627699242000739E00D410BC /* libteuchosparameterlist.12.12.1.dylib */ = {isa = PBXFileReference; lastKnownFileType = "compiled.mach-o.dylib"; name = libteuchosparameterlist.12.12.1.dylib; path = ../../../../opt/local/Trilinos/lib/libteuchosparameterlist.12.12.1.dylib; sourceTree = "<group>"; };
		627699252000739E00D410BC /* libxpetra.12.12.1.dylib */ = {isa = PBXFileReference; lastKnownFileType = "compiled.mach-o.dylib"; name = libxpetra.12.12.1.dylib; path = ../../../../opt/local/Trilinos/lib/libxpetra.12.12.1.dylib; sourceTree = "<group>"; };
		627699412000751D00D410BC /* PhElem.hpp */ = {isa = PBXFileReference; lastKnownFileType = sourcecode.cpp.h; name = PhElem.hpp; path = ../Spectral/include/PhElem.hpp; sourceTree = "<group>"; };
		627699422000751F00D410BC /* Quadrilateral.h */ = {isa = PBXFileReference; lastKnownFileType = sourcecode.c.h; name = Quadrilateral.h; path = ../Spectral/include/Quadrilateral.h; sourceTree = "<group>"; };
		627699432000752000D410BC /* Triangle.h */ = {isa = PBXFileReference; lastKnownFileType = sourcecode.c.h; name = Triangle.h; path = ../Spectral/include/Triangle.h; sourceTree = "<group>"; };
		627699442000752200D410BC /* Linear.h */ = {isa = PBXFileReference; lastKnownFileType = sourcecode.c.h; name = Linear.h; path = ../Spectral/include/Linear.h; sourceTree = "<group>"; };
		627699452000752300D410BC /* Stdel.h */ = {isa = PBXFileReference; lastKnownFileType = sourcecode.c.h; name = Stdel.h; path = ../Spectral/include/Stdel.h; sourceTree = "<group>"; };
		627699462000752500D410BC /* MyOptions.h */ = {isa = PBXFileReference; lastKnownFileType = sourcecode.c.h; name = MyOptions.h; path = ../Spectral/include/MyOptions.h; sourceTree = "<group>"; };
		627699472000752600D410BC /* GeProb.hpp */ = {isa = PBXFileReference; lastKnownFileType = sourcecode.cpp.h; name = GeProb.hpp; path = ../Spectral/include/GeProb.hpp; sourceTree = "<group>"; };
		627699482000752800D410BC /* Hexahedral.h */ = {isa = PBXFileReference; lastKnownFileType = sourcecode.c.h; name = Hexahedral.h; path = ../Spectral/include/Hexahedral.h; sourceTree = "<group>"; };
		627699492000752900D410BC /* spectral.h */ = {isa = PBXFileReference; lastKnownFileType = sourcecode.c.h; name = spectral.h; path = ../Spectral/include/spectral.h; sourceTree = "<group>"; };
		6276994A2000752C00D410BC /* Geo.h */ = {isa = PBXFileReference; lastKnownFileType = sourcecode.c.h; name = Geo.h; path = ../Spectral/include/Geo.h; sourceTree = "<group>"; };
		6276994B2000752D00D410BC /* Funcoes_c.h */ = {isa = PBXFileReference; lastKnownFileType = sourcecode.c.h; name = Funcoes_c.h; path = ../Spectral/include/Funcoes_c.h; sourceTree = "<group>"; };
		6276994C2000752F00D410BC /* MyTrilinos.h */ = {isa = PBXFileReference; lastKnownFileType = sourcecode.c.h; name = MyTrilinos.h; path = ../Spectral/include/MyTrilinos.h; sourceTree = "<group>"; };
		6276994D2000753100D410BC /* virtual.H */ = {isa = PBXFileReference; lastKnownFileType = sourcecode.cpp.h; name = virtual.H; path = ../Spectral/include/virtual.H; sourceTree = "<group>"; };
		6276994E2000753200D410BC /* Tstruct.h */ = {isa = PBXFileReference; lastKnownFileType = sourcecode.c.h; name = Tstruct.h; path = ../Spectral/include/Tstruct.h; sourceTree = "<group>"; };
		6276994F2000753500D410BC /* Particao.h */ = {isa = PBXFileReference; lastKnownFileType = sourcecode.c.h; name = Particao.h; path = ../Spectral/include/Particao.h; sourceTree = "<group>"; };
		627699502000753600D410BC /* Tetrahedral.h */ = {isa = PBXFileReference; lastKnownFileType = sourcecode.c.h; name = Tetrahedral.h; path = ../Spectral/include/Tetrahedral.h; sourceTree = "<group>"; };
/* End PBXFileReference section */

/* Begin PBXFrameworksBuildPhase section */
		627698A7200072AF00D410BC /* Frameworks */ = {
			isa = PBXFrameworksBuildPhase;
			buildActionMask = 2147483647;
			files = (
				627699262000739F00D410BC /* libamd.2.4.0.dylib in Frameworks */,
				627699272000739F00D410BC /* libteuchosremainder.12.12.1.dylib in Frameworks */,
				627699282000739F00D410BC /* libteuchoscomm.12.12.1.dylib in Frameworks */,
				627699292000739F00D410BC /* libnewmat.dylib in Frameworks */,
				6276992A2000739F00D410BC /* libxpetra-sup.12.12.1.dylib in Frameworks */,
				6276992B2000739F00D410BC /* libanasazitpetra.12.12.1.dylib in Frameworks */,
				6276992C2000739F00D410BC /* libmpi.40.dylib in Frameworks */,
				6276992D2000739F00D410BC /* libmpi_cxx.40.dylib in Frameworks */,
				6276992E2000739F00D410BC /* libteuchosnumerics.12.12.1.dylib in Frameworks */,
				6276992F2000739F00D410BC /* libteuchoscore.12.12.1.dylib in Frameworks */,
				627699302000739F00D410BC /* libblas.dylib in Frameworks */,
				627699312000739F00D410BC /* libSystem.B.dylib in Frameworks */,
				627699322000739F00D410BC /* libModeLaplace.12.12.1.dylib in Frameworks */,
				627699332000739F00D410BC /* libanasaziepetra.12.12.1.dylib in Frameworks */,
				627699342000739F00D410BC /* liblapack.dylib in Frameworks */,
				627699352000739F00D410BC /* libepetraext.12.12.1.dylib in Frameworks */,
				627699362000739F00D410BC /* libanasazi.12.12.1.dylib in Frameworks */,
				627699372000739F00D410BC /* libaztecoo.12.12.1.dylib in Frameworks */,
				627699382000739F00D410BC /* libc++.1.dylib in Frameworks */,
				627699392000739F00D410BC /* libtpetrainout.12.12.1.dylib in Frameworks */,
				6276993A2000739F00D410BC /* libtpetra.12.12.1.dylib in Frameworks */,
				6276993B2000739F00D410BC /* libamesos.12.12.1.dylib in Frameworks */,
				6276993C2000739F00D410BC /* libepetra.12.12.1.dylib in Frameworks */,
				6276993D2000739F00D410BC /* libtpetraext.12.12.1.dylib in Frameworks */,
				6276993E2000739F00D410BC /* libumfpack.5.7.0.dylib in Frameworks */,
				6276993F2000739F00D410BC /* libteuchosparameterlist.12.12.1.dylib in Frameworks */,
				627699402000739F00D410BC /* libxpetra.12.12.1.dylib in Frameworks */,
			);
			runOnlyForDeploymentPostprocessing = 0;
		};
/* End PBXFrameworksBuildPhase section */

/* Begin PBXGroup section */
		627698A1200072AF00D410BC = {
			isa = PBXGroup;
			children = (
				6276994B2000752D00D410BC /* Funcoes_c.h */,
				6276994A2000752C00D410BC /* Geo.h */,
				627699472000752600D410BC /* GeProb.hpp */,
				627699482000752800D410BC /* Hexahedral.h */,
				627699442000752200D410BC /* Linear.h */,
				627699462000752500D410BC /* MyOptions.h */,
				6276994C2000752F00D410BC /* MyTrilinos.h */,
				6276994F2000753500D410BC /* Particao.h */,
				627699412000751D00D410BC /* PhElem.hpp */,
				627699422000751F00D410BC /* Quadrilateral.h */,
				627699492000752900D410BC /* spectral.h */,
				627699452000752300D410BC /* Stdel.h */,
				627699502000753600D410BC /* Tetrahedral.h */,
				627699432000752000D410BC /* Triangle.h */,
				6276994E2000753200D410BC /* Tstruct.h */,
				6276994D2000753100D410BC /* virtual.H */,
				627698F82000733900D410BC /* AMPFunctionsA.cpp */,
				627698F22000733700D410BC /* ASPFunctions.cpp */,
				627698F72000733900D410BC /* CMakeLists.txt */,
				627698F92000733900D410BC /* Differentiation.cpp */,
				627698F52000733800D410BC /* Funcoes_globais.cpp */,
				627698F62000733800D410BC /* Hexahedral.cpp */,
				627698EF2000733600D410BC /* Linear.cpp */,
				627698EE2000733500D410BC /* Particao.cpp */,
				627698F12000733700D410BC /* Quadrilateral.cpp */,
				627698F42000733800D410BC /* Stdel.cpp */,
				627698F02000733600D410BC /* Tetrahedral.cpp */,
				627698F32000733700D410BC /* Triangle.cpp */,
				627698C62000730F00D410BC /* DG_driver.cpp */,
				627698BC2000730D00D410BC /* DG_eco.cpp */,
				627698C22000730E00D410BC /* DG_EI_flux.cpp */,
				627698CA2000731000D410BC /* DG_EI_Header.h */,
				627698C92000731000D410BC /* DG_EI_Inflow_a.cpp */,
				627698CB2000731000D410BC /* DG_EI_Inflow_b.cpp */,
				627698B52000730C00D410BC /* DG_EI_Inflow.cpp */,
				627698D02000731200D410BC /* DG_EI_Interior_a.cpp */,
				627698B72000730C00D410BC /* DG_EI_Interior_b.cpp */,
				627698C82000731000D410BC /* DG_EI_Interior.cpp */,
				627698CD2000731100D410BC /* DG_EI_Outflow_a.cpp */,
				627698B62000730C00D410BC /* DG_EI_Outflow_b.cpp */,
				627698C32000730F00D410BC /* DG_EI_Outflow.cpp */,
				627698CC2000731100D410BC /* DG_Eigenvectors.cpp */,
				627698B82000730C00D410BC /* DG_Elem.cpp */,
				627698CE2000731100D410BC /* DG_Elem.h */,
				627698C52000730F00D410BC /* DG_IG_EI.cpp */,
				627698C02000730E00D410BC /* DG_Iterate.cpp */,
				627698BD2000730D00D410BC /* DG_MVRA.cpp */,
				627698BB2000730D00D410BC /* DG_preamble.cpp */,
				627698C42000730F00D410BC /* DG_Prob.cpp */,
				627698B92000730D00D410BC /* DG_Prob.h */,
				627698C12000730E00D410BC /* DG_saidas_intermediarias.cpp */,
				627698B42000730B00D410BC /* DG_saidas_intermediarias.h */,
				627698CF2000731200D410BC /* DG.cpp */,
				627698BE2000730E00D410BC /* Fluids.cpp */,
				627698C72000730F00D410BC /* Fluids.h */,
				627698BF2000730E00D410BC /* main.cpp */,
				627698BA2000730D00D410BC /* Transfere_rst.cpp */,
				627698AB200072AF00D410BC /* Products */,
				627699062000734B00D410BC /* Frameworks */,
			);
			sourceTree = "<group>";
		};
		627698AB200072AF00D410BC /* Products */ = {
			isa = PBXGroup;
			children = (
				627698AA200072AF00D410BC /* SDG_Proj */,
			);
			name = Products;
			sourceTree = "<group>";
		};
		627699062000734B00D410BC /* Frameworks */ = {
			isa = PBXGroup;
			children = (
				6276990B2000738F00D410BC /* libamd.2.4.0.dylib */,
				627699202000739B00D410BC /* libamesos.12.12.1.dylib */,
				6276991B2000739800D410BC /* libanasazi.12.12.1.dylib */,
				627699182000739600D410BC /* libanasaziepetra.12.12.1.dylib */,
				627699102000739200D410BC /* libanasazitpetra.12.12.1.dylib */,
				6276991C2000739800D410BC /* libaztecoo.12.12.1.dylib */,
				627699152000739400D410BC /* libblas.dylib */,
				6276991D2000739900D410BC /* libc++.1.dylib */,
				627699212000739B00D410BC /* libepetra.12.12.1.dylib */,
				6276991A2000739700D410BC /* libepetraext.12.12.1.dylib */,
				627699192000739600D410BC /* liblapack.dylib */,
				627699172000739500D410BC /* libModeLaplace.12.12.1.dylib */,
				627699122000739300D410BC /* libmpi_cxx.40.dylib */,
				627699112000739200D410BC /* libmpi.40.dylib */,
				6276990E2000739100D410BC /* libnewmat.dylib */,
				627699162000739500D410BC /* libSystem.B.dylib */,
				6276990D2000739000D410BC /* libteuchoscomm.12.12.1.dylib */,
				627699142000739400D410BC /* libteuchoscore.12.12.1.dylib */,
				627699132000739300D410BC /* libteuchosnumerics.12.12.1.dylib */,
				627699242000739E00D410BC /* libteuchosparameterlist.12.12.1.dylib */,
				6276990C2000739000D410BC /* libteuchosremainder.12.12.1.dylib */,
				6276991F2000739A00D410BC /* libtpetra.12.12.1.dylib */,
				627699222000739C00D410BC /* libtpetraext.12.12.1.dylib */,
				6276991E2000739900D410BC /* libtpetrainout.12.12.1.dylib */,
				627699232000739D00D410BC /* libumfpack.5.7.0.dylib */,
				6276990F2000739100D410BC /* libxpetra-sup.12.12.1.dylib */,
				627699252000739E00D410BC /* libxpetra.12.12.1.dylib */,
			);
			name = Frameworks;
			sourceTree = "<group>";
		};
/* End PBXGroup section */

/* Begin PBXNativeTarget section */
		627698A9200072AF00D410BC /* SDG_Proj */ = {
			isa = PBXNativeTarget;
			buildConfigurationList = 627698B1200072B000D410BC /* Build configuration list for PBXNativeTarget "SDG_Proj" */;
			buildPhases = (
				627698A6200072AF00D410BC /* Sources */,
				627698A7200072AF00D410BC /* Frameworks */,
				627698A8200072AF00D410BC /* CopyFiles */,
			);
			buildRules = (
			);
			dependencies = (
			);
			name = SDG_Proj;
			productName = SDG_Proj;
			productReference = 627698AA200072AF00D410BC /* SDG_Proj */;
			productType = "com.apple.product-type.tool";
		};
/* End PBXNativeTarget section */

/* Begin PBXProject section */
		627698A2200072AF00D410BC /* Project object */ = {
			isa = PBXProject;
			attributes = {
				LastUpgradeCheck = 0920;
				ORGANIZATIONNAME = "Murilo P Almeida";
				TargetAttributes = {
					627698A9200072AF00D410BC = {
						CreatedOnToolsVersion = 9.2;
						ProvisioningStyle = Automatic;
					};
				};
			};
			buildConfigurationList = 627698A5200072AF00D410BC /* Build configuration list for PBXProject "SDG_Proj" */;
			compatibilityVersion = "Xcode 8.0";
			developmentRegion = en;
			hasScannedForEncodings = 0;
			knownRegions = (
				en,
			);
			mainGroup = 627698A1200072AF00D410BC;
			productRefGroup = 627698AB200072AF00D410BC /* Products */;
			projectDirPath = "";
			projectRoot = "";
			targets = (
				627698A9200072AF00D410BC /* SDG_Proj */,
			);
		};
/* End PBXProject section */

/* Begin PBXSourcesBuildPhase section */
		627698A6200072AF00D410BC /* Sources */ = {
			isa = PBXSourcesBuildPhase;
			buildActionMask = 2147483647;
			files = (
				627699512000753A00D410BC /* PhElem.hpp in Sources */,
				627699522000753A00D410BC /* Quadrilateral.h in Sources */,
				627699532000753A00D410BC /* Triangle.h in Sources */,
				627699542000753A00D410BC /* Linear.h in Sources */,
				627699552000753A00D410BC /* Stdel.h in Sources */,
				627699562000753A00D410BC /* MyOptions.h in Sources */,
				627699572000753A00D410BC /* GeProb.hpp in Sources */,
				627699582000753A00D410BC /* Hexahedral.h in Sources */,
				627699592000753A00D410BC /* spectral.h in Sources */,
				6276995A2000753A00D410BC /* Geo.h in Sources */,
				6276995B2000753A00D410BC /* Funcoes_c.h in Sources */,
				6276995C2000753A00D410BC /* MyTrilinos.h in Sources */,
				6276995D2000753A00D410BC /* virtual.H in Sources */,
				6276995E2000753A00D410BC /* Tstruct.h in Sources */,
				6276995F2000753A00D410BC /* Particao.h in Sources */,
				627699602000753A00D410BC /* Tetrahedral.h in Sources */,
				627698FA2000733A00D410BC /* Particao.cpp in Sources */,
				627698FB2000733A00D410BC /* Linear.cpp in Sources */,
				627698FC2000733A00D410BC /* Tetrahedral.cpp in Sources */,
				627698FD2000733A00D410BC /* Quadrilateral.cpp in Sources */,
				627698FE2000733A00D410BC /* ASPFunctions.cpp in Sources */,
				627698FF2000733A00D410BC /* Triangle.cpp in Sources */,
				627699002000733A00D410BC /* Stdel.cpp in Sources */,
				627699012000733A00D410BC /* Funcoes_globais.cpp in Sources */,
				627699022000733A00D410BC /* Hexahedral.cpp in Sources */,
				627699032000733A00D410BC /* CMakeLists.txt in Sources */,
				627699042000733A00D410BC /* AMPFunctionsA.cpp in Sources */,
				627699052000733A00D410BC /* Differentiation.cpp in Sources */,
				627698D12000731200D410BC /* DG_saidas_intermediarias.h in Sources */,
				627698D22000731200D410BC /* DG_EI_Inflow.cpp in Sources */,
				627698D32000731200D410BC /* DG_EI_Outflow_b.cpp in Sources */,
				627698D42000731200D410BC /* DG_EI_Interior_b.cpp in Sources */,
				627698D52000731200D410BC /* DG_Elem.cpp in Sources */,
				627698D62000731200D410BC /* DG_Prob.h in Sources */,
				627698D72000731200D410BC /* Transfere_rst.cpp in Sources */,
				627698D82000731200D410BC /* DG_preamble.cpp in Sources */,
				627698D92000731200D410BC /* DG_eco.cpp in Sources */,
				627698DA2000731200D410BC /* DG_MVRA.cpp in Sources */,
				627698DB2000731200D410BC /* Fluids.cpp in Sources */,
				627698DC2000731200D410BC /* main.cpp in Sources */,
				627698DD2000731200D410BC /* DG_Iterate.cpp in Sources */,
				627698DE2000731200D410BC /* DG_saidas_intermediarias.cpp in Sources */,
				627698DF2000731200D410BC /* DG_EI_flux.cpp in Sources */,
				627698E02000731200D410BC /* DG_EI_Outflow.cpp in Sources */,
				627698E12000731200D410BC /* DG_Prob.cpp in Sources */,
				627698E22000731200D410BC /* DG_IG_EI.cpp in Sources */,
				627698E32000731200D410BC /* DG_driver.cpp in Sources */,
				627698E42000731200D410BC /* Fluids.h in Sources */,
				627698E52000731200D410BC /* DG_EI_Interior.cpp in Sources */,
				627698E62000731200D410BC /* DG_EI_Inflow_a.cpp in Sources */,
				627698E72000731200D410BC /* DG_EI_Header.h in Sources */,
				627698E82000731200D410BC /* DG_EI_Inflow_b.cpp in Sources */,
				627698E92000731200D410BC /* DG_Eigenvectors.cpp in Sources */,
				627698EA2000731200D410BC /* DG_EI_Outflow_a.cpp in Sources */,
				627698EB2000731200D410BC /* DG_Elem.h in Sources */,
				627698EC2000731200D410BC /* DG.cpp in Sources */,
				627698ED2000731200D410BC /* DG_EI_Interior_a.cpp in Sources */,
			);
			runOnlyForDeploymentPostprocessing = 0;
		};
/* End PBXSourcesBuildPhase section */

/* Begin XCBuildConfiguration section */
		627698AF200072B000D410BC /* Debug */ = {
			isa = XCBuildConfiguration;
			buildSettings = {
				ALWAYS_SEARCH_USER_PATHS = NO;
				CLANG_ANALYZER_NONNULL = YES;
				CLANG_ANALYZER_NUMBER_OBJECT_CONVERSION = YES_AGGRESSIVE;
				CLANG_CXX_LANGUAGE_STANDARD = "gnu++14";
				CLANG_CXX_LIBRARY = "libc++";
				CLANG_ENABLE_MODULES = YES;
				CLANG_ENABLE_OBJC_ARC = YES;
				CLANG_WARN_BLOCK_CAPTURE_AUTORELEASING = YES;
				CLANG_WARN_BOOL_CONVERSION = YES;
				CLANG_WARN_COMMA = YES;
				CLANG_WARN_CONSTANT_CONVERSION = YES;
				CLANG_WARN_DIRECT_OBJC_ISA_USAGE = YES_ERROR;
				CLANG_WARN_DOCUMENTATION_COMMENTS = YES;
				CLANG_WARN_EMPTY_BODY = YES;
				CLANG_WARN_ENUM_CONVERSION = YES;
				CLANG_WARN_INFINITE_RECURSION = YES;
				CLANG_WARN_INT_CONVERSION = YES;
				CLANG_WARN_NON_LITERAL_NULL_CONVERSION = YES;
				CLANG_WARN_OBJC_LITERAL_CONVERSION = YES;
				CLANG_WARN_OBJC_ROOT_CLASS = YES_ERROR;
				CLANG_WARN_RANGE_LOOP_ANALYSIS = YES;
				CLANG_WARN_STRICT_PROTOTYPES = YES;
				CLANG_WARN_SUSPICIOUS_MOVE = YES;
				CLANG_WARN_UNGUARDED_AVAILABILITY = YES_AGGRESSIVE;
				CLANG_WARN_UNREACHABLE_CODE = YES;
				CLANG_WARN__DUPLICATE_METHOD_MATCH = YES;
				CODE_SIGN_IDENTITY = "-";
				COPY_PHASE_STRIP = NO;
				DEBUG_INFORMATION_FORMAT = dwarf;
				ENABLE_STRICT_OBJC_MSGSEND = YES;
				ENABLE_TESTABILITY = YES;
				GCC_C_LANGUAGE_STANDARD = gnu11;
				GCC_DYNAMIC_NO_PIC = NO;
				GCC_NO_COMMON_BLOCKS = YES;
				GCC_OPTIMIZATION_LEVEL = 0;
				GCC_PREPROCESSOR_DEFINITIONS = (
					"DEBUG=1",
					"$(inherited)",
				);
				GCC_WARN_64_TO_32_BIT_CONVERSION = YES;
				GCC_WARN_ABOUT_RETURN_TYPE = YES_ERROR;
				GCC_WARN_UNDECLARED_SELECTOR = YES;
				GCC_WARN_UNINITIALIZED_AUTOS = YES_AGGRESSIVE;
				GCC_WARN_UNUSED_FUNCTION = YES;
				GCC_WARN_UNUSED_VARIABLE = YES;
				MACOSX_DEPLOYMENT_TARGET = 10.13;
				MTL_ENABLE_DEBUG_INFO = YES;
				ONLY_ACTIVE_ARCH = YES;
				SDKROOT = macosx;
			};
			name = Debug;
		};
		627698B0200072B000D410BC /* Release */ = {
			isa = XCBuildConfiguration;
			buildSettings = {
				ALWAYS_SEARCH_USER_PATHS = NO;
				CLANG_ANALYZER_NONNULL = YES;
				CLANG_ANALYZER_NUMBER_OBJECT_CONVERSION = YES_AGGRESSIVE;
				CLANG_CXX_LANGUAGE_STANDARD = "gnu++14";
				CLANG_CXX_LIBRARY = "libc++";
				CLANG_ENABLE_MODULES = YES;
				CLANG_ENABLE_OBJC_ARC = YES;
				CLANG_WARN_BLOCK_CAPTURE_AUTORELEASING = YES;
				CLANG_WARN_BOOL_CONVERSION = YES;
				CLANG_WARN_COMMA = YES;
				CLANG_WARN_CONSTANT_CONVERSION = YES;
				CLANG_WARN_DIRECT_OBJC_ISA_USAGE = YES_ERROR;
				CLANG_WARN_DOCUMENTATION_COMMENTS = YES;
				CLANG_WARN_EMPTY_BODY = YES;
				CLANG_WARN_ENUM_CONVERSION = YES;
				CLANG_WARN_INFINITE_RECURSION = YES;
				CLANG_WARN_INT_CONVERSION = YES;
				CLANG_WARN_NON_LITERAL_NULL_CONVERSION = YES;
				CLANG_WARN_OBJC_LITERAL_CONVERSION = YES;
				CLANG_WARN_OBJC_ROOT_CLASS = YES_ERROR;
				CLANG_WARN_RANGE_LOOP_ANALYSIS = YES;
				CLANG_WARN_STRICT_PROTOTYPES = YES;
				CLANG_WARN_SUSPICIOUS_MOVE = YES;
				CLANG_WARN_UNGUARDED_AVAILABILITY = YES_AGGRESSIVE;
				CLANG_WARN_UNREACHABLE_CODE = YES;
				CLANG_WARN__DUPLICATE_METHOD_MATCH = YES;
				CODE_SIGN_IDENTITY = "-";
				COPY_PHASE_STRIP = NO;
				DEBUG_INFORMATION_FORMAT = "dwarf-with-dsym";
				ENABLE_NS_ASSERTIONS = NO;
				ENABLE_STRICT_OBJC_MSGSEND = YES;
				GCC_C_LANGUAGE_STANDARD = gnu11;
				GCC_NO_COMMON_BLOCKS = YES;
				GCC_WARN_64_TO_32_BIT_CONVERSION = YES;
				GCC_WARN_ABOUT_RETURN_TYPE = YES_ERROR;
				GCC_WARN_UNDECLARED_SELECTOR = YES;
				GCC_WARN_UNINITIALIZED_AUTOS = YES_AGGRESSIVE;
				GCC_WARN_UNUSED_FUNCTION = YES;
				GCC_WARN_UNUSED_VARIABLE = YES;
				MACOSX_DEPLOYMENT_TARGET = 10.13;
				MTL_ENABLE_DEBUG_INFO = NO;
				SDKROOT = macosx;
			};
			name = Release;
		};
		627698B2200072B000D410BC /* Debug */ = {
			isa = XCBuildConfiguration;
			buildSettings = {
				CODE_SIGN_STYLE = Automatic;
				"HEADER_SEARCH_PATHS[arch=*]" = (
					/opt/local/include,
					"/opt/local/include/openmpi-mp",
					/opt/local/Trilinos/include,
					/opt/local/include/newmat,
				);
				"LD_RUNPATH_SEARCH_PATHS[arch=*]" = /opt/local/Trilinos/lib;
				LIBRARY_SEARCH_PATHS = (
					"$(inherited)",
					/opt/local/lib,
					/opt/local/Trilinos/lib,
					"/opt/local/lib/openmpi-mp",
				);
				PRODUCT_NAME = "$(TARGET_NAME)";
			};
			name = Debug;
		};
		627698B3200072B000D410BC /* Release */ = {
			isa = XCBuildConfiguration;
			buildSettings = {
				CODE_SIGN_STYLE = Automatic;
				"HEADER_SEARCH_PATHS[arch=*]" = (
					/opt/local/include,
					/opt/local/Trilinos/include,
					"/opt/local/include/openmpi-mp",
					/opt/local/include/newmat,
				);
				"LD_RUNPATH_SEARCH_PATHS[arch=*]" = /opt/local/Trilinos/lib;
				LIBRARY_SEARCH_PATHS = (
					"$(inherited)",
					/opt/local/lib,
					/opt/local/Trilinos/lib,
					"/opt/local/lib/openmpi-mp",
				);
				PRODUCT_NAME = "$(TARGET_NAME)";
			};
			name = Release;
		};
/* End XCBuildConfiguration section */

/* Begin XCConfigurationList section */
		627698A5200072AF00D410BC /* Build configuration list for PBXProject "SDG_Proj" */ = {
			isa = XCConfigurationList;
			buildConfigurations = (
				627698AF200072B000D410BC /* Debug */,
				627698B0200072B000D410BC /* Release */,
			);
			defaultConfigurationIsVisible = 0;
			defaultConfigurationName = Release;
		};
		627698B1200072B000D410BC /* Build configuration list for PBXNativeTarget "SDG_Proj" */ = {
			isa = XCConfigurationList;
			buildConfigurations = (
				627698B2200072B000D410BC /* Debug */,
				627698B3200072B000D410BC /* Release */,
			);
			defaultConfigurationIsVisible = 0;
			defaultConfigurationName = Release;
		};
/* End XCConfigurationList section */
	};
	rootObject = 627698A2200072AF00D410BC /* Project object */;
}
